
Microsoft Visual Studio Solution File, Format Version 12.00
# Visual Studio Version 16
VisualStudioVersion = 16.0.30225.117
MinimumVisualStudioVersion = 10.0.40219.1
Project("{FAE04EC0-301F-11D3-BF4B-00C04F79EFBC}") = "GUI", "GUI\GUI.csproj", "{2029A626-41A9-48BD-B8A0-8C4CF1E89069}"
EndProject
Project("{FAE04EC0-301F-11D3-BF4B-00C04F79EFBC}") = "BUS", "BUS\BUS.csproj", "{CE628824-901D-48F3-B647-F89C16E9EC8F}"
EndProject
Project("{FAE04EC0-301F-11D3-BF4B-00C04F79EFBC}") = "DAL", "DAL\DAL.csproj", "{64BDED98-7706-4481-A7EB-66B718BA7E2E}"
EndProject
Project("{FAE04EC0-301F-11D3-BF4B-00C04F79EFBC}") = "DTO", "DTO\DTO.csproj", "{EBCEA1BF-EE78-4B6B-B839-25F1C2FE4F89}"
EndProject
Global
	GlobalSection(SolutionConfigurationPlatforms) = preSolution
		Debug|Any CPU = Debug|Any CPU
		Release|Any CPU = Release|Any CPU
	EndGlobalSection
	GlobalSection(ProjectConfigurationPlatforms) = postSolution
		{2029A626-41A9-48BD-B8A0-8C4CF1E89069}.Debug|Any CPU.ActiveCfg = Debug|Any CPU
		{2029A626-41A9-48BD-B8A0-8C4CF1E89069}.Debug|Any CPU.Build.0 = Debug|Any CPU
		{2029A626-41A9-48BD-B8A0-8C4CF1E89069}.Release|Any CPU.ActiveCfg = Release|Any CPU
		{2029A626-41A9-48BD-B8A0-8C4CF1E89069}.Release|Any CPU.Build.0 = Release|Any CPU
		{CE628824-901D-48F3-B647-F89C16E9EC8F}.Debug|Any CPU.ActiveCfg = Debug|Any CPU
		{CE628824-901D-48F3-B647-F89C16E9EC8F}.Debug|Any CPU.Build.0 = Debug|Any CPU
		{CE628824-901D-48F3-B647-F89C16E9EC8F}.Release|Any CPU.ActiveCfg = Release|Any CPU
		{CE628824-901D-48F3-B647-F89C16E9EC8F}.Release|Any CPU.Build.0 = Release|Any CPU
		{64BDED98-7706-4481-A7EB-66B718BA7E2E}.Debug|Any CPU.ActiveCfg = Debug|Any CPU
		{64BDED98-7706-4481-A7EB-66B718BA7E2E}.Debug|Any CPU.Build.0 = Debug|Any CPU
		{64BDED98-7706-4481-A7EB-66B718BA7E2E}.Release|Any CPU.ActiveCfg = Release|Any CPU
		{64BDED98-7706-4481-A7EB-66B718BA7E2E}.Release|Any CPU.Build.0 = Release|Any CPU
		{EBCEA1BF-EE78-4B6B-B839-25F1C2FE4F89}.Debug|Any CPU.ActiveCfg = Debug|Any CPU
		{EBCEA1BF-EE78-4B6B-B839-25F1C2FE4F89}.Debug|Any CPU.Build.0 = Debug|Any CPU
		{EBCEA1BF-EE78-4B6B-B839-25F1C2FE4F89}.Release|Any CPU.ActiveCfg = Release|Any CPU
		{EBCEA1BF-EE78-4B6B-B839-25F1C2FE4F89}.Release|Any CPU.Build.0 = Release|Any CPU
	EndGlobalSection
	GlobalSection(SolutionProperties) = preSolution
		HideSolutionNode = FALSE
	EndGlobalSection
	GlobalSection(ExtensibilityGlobals) = postSolution
		SolutionGuid = {787A8048-B45A-4641-95FE-DC6ED9164D00}
	EndGlobalSection
EndGlobal
